
Microsoft Visual Studio Solution File, Format Version 12.00
# Visual Studio Version 16
VisualStudioVersion = 16.0.30413.136
MinimumVisualStudioVersion = 10.0.40219.1
Project("{FAE04EC0-301F-11D3-BF4B-00C04F79EFBC}") = "DAL", "DAL\DAL.csproj", "{6702C90D-F0D0-49C5-A28D-9E92376FA62B}"
EndProject
Project("{FAE04EC0-301F-11D3-BF4B-00C04F79EFBC}") = "DTO", "DTO\DTO.csproj", "{3FA42180-17A9-49AD-A3C9-0D5C6809B1D2}"
EndProject
Project("{FAE04EC0-301F-11D3-BF4B-00C04F79EFBC}") = "BUS", "BUS\BUS.csproj", "{EA618F05-E55A-400B-B24A-C1960F0E9A9C}"
EndProject
Project("{FAE04EC0-301F-11D3-BF4B-00C04F79EFBC}") = "GUI", "GUI\GUI.csproj", "{35CE94B9-6CC5-4F47-9681-66CD694C171F}"
EndProject
Global
	GlobalSection(SolutionConfigurationPlatforms) = preSolution
		Debug|Any CPU = Debug|Any CPU
		Release|Any CPU = Release|Any CPU
	EndGlobalSection
	GlobalSection(ProjectConfigurationPlatforms) = postSolution
		{6702C90D-F0D0-49C5-A28D-9E92376FA62B}.Debug|Any CPU.ActiveCfg = Debug|Any CPU
		{6702C90D-F0D0-49C5-A28D-9E92376FA62B}.Debug|Any CPU.Build.0 = Debug|Any CPU
		{6702C90D-F0D0-49C5-A28D-9E92376FA62B}.Release|Any CPU.ActiveCfg = Release|Any CPU
		{6702C90D-F0D0-49C5-A28D-9E92376FA62B}.Release|Any CPU.Build.0 = Release|Any CPU
		{3FA42180-17A9-49AD-A3C9-0D5C6809B1D2}.Debug|Any CPU.ActiveCfg = Debug|Any CPU
		{3FA42180-17A9-49AD-A3C9-0D5C6809B1D2}.Debug|Any CPU.Build.0 = Debug|Any CPU
		{3FA42180-17A9-49AD-A3C9-0D5C6809B1D2}.Release|Any CPU.ActiveCfg = Release|Any CPU
		{3FA42180-17A9-49AD-A3C9-0D5C6809B1D2}.Release|Any CPU.Build.0 = Release|Any CPU
		{EA618F05-E55A-400B-B24A-C1960F0E9A9C}.Debug|Any CPU.ActiveCfg = Debug|Any CPU
		{EA618F05-E55A-400B-B24A-C1960F0E9A9C}.Debug|Any CPU.Build.0 = Debug|Any CPU
		{EA618F05-E55A-400B-B24A-C1960F0E9A9C}.Release|Any CPU.ActiveCfg = Release|Any CPU
		{EA618F05-E55A-400B-B24A-C1960F0E9A9C}.Release|Any CPU.Build.0 = Release|Any CPU
		{35CE94B9-6CC5-4F47-9681-66CD694C171F}.Debug|Any CPU.ActiveCfg = Debug|Any CPU
		{35CE94B9-6CC5-4F47-9681-66CD694C171F}.Debug|Any CPU.Build.0 = Debug|Any CPU
		{35CE94B9-6CC5-4F47-9681-66CD694C171F}.Release|Any CPU.ActiveCfg = Release|Any CPU
		{35CE94B9-6CC5-4F47-9681-66CD694C171F}.Release|Any CPU.Build.0 = Release|Any CPU
	EndGlobalSection
	GlobalSection(SolutionProperties) = preSolution
		HideSolutionNode = FALSE
	EndGlobalSection
	GlobalSection(ExtensibilityGlobals) = postSolution
		SolutionGuid = {0D8ACF1E-C59B-42B7-86DC-2AB07DB93C78}
	EndGlobalSection
EndGlobal
